# THIS IS AN AUTOGENERATED FILE. DO NOT EDIT THIS FILE DIRECTLY.
# yarn lockfile v1


"@augu/eris@0.10.0":
  version "0.10.0"
  resolved "https://registry.yarnpkg.com/@augu/eris/-/eris-0.10.0.tgz#961a6c5d2376677bbb401c62220f6eeed32fc86b"
  integrity sha512-fxYoeBFBTekB1nznCCzKxMWjBefOG8Plcy5g+2ExzL8SHAYUwMgRlVtfJztJ5rK2E+CAZWFPs6qQPb9vLVY/QQ==
  dependencies:
    ws "6.1.3"
  optionalDependencies:
    opusscript "0.0.6"
    tweetnacl "1.0.1"

"@maika.xyz/eris-utils@^0.1.1":
  version "0.1.1"
  resolved "https://registry.yarnpkg.com/@maika.xyz/eris-utils/-/eris-utils-0.1.1.tgz#d22c97d2b0365cbb798f7d421666618d9d410e33"
  integrity sha512-d8oWDDkUFn6DtVPAhEEGGuq4/yFNt8fk0YvN+9XnTMXo0ZXy8pfMlfwkhP5lcHcc4s+G7Z5W5FveZHxvvnDKRA==

"@types/node@11.9.4":
  version "11.9.4"
  resolved "https://registry.yarnpkg.com/@types/node/-/node-11.9.4.tgz#ceb0048a546db453f6248f2d1d95e937a6f00a14"
  integrity sha512-Zl8dGvAcEmadgs1tmSPcvwzO1YRsz38bVJQvH1RvRqSR9/5n61Q1ktcDL0ht3FXWR+ZpVmXVwN1LuH4Ax23NsA==

async-limiter@~1.0.0:
  version "1.0.0"
  resolved "https://registry.yarnpkg.com/async-limiter/-/async-limiter-1.0.0.tgz#78faed8c3d074ab81f22b4e985d79e8738f720f8"
  integrity sha512-jp/uFnooOiO+L211eZOoSyzpOITMXx1rBITauYykG3BRYPu8h0UcxsPNB04RR5vo4Tyz3+ay17tR6JVf9qzYWg==

opusscript@0.0.6:
  version "0.0.6"
  resolved "https://registry.yarnpkg.com/opusscript/-/opusscript-0.0.6.tgz#cf492fc5fb2c819af296ae02eaa3cf210433c9ba"
  integrity sha512-F7nx1SWZCD5Rq2W+5Fx39HlkRkz/5Zqt0LglEB9uHexk8HjedDEiM+u/Y2rBfDFcS/0uQIWu2lJhw+Gjsta+cA==

tweetnacl@1.0.1:
  version "1.0.1"
  resolved "https://registry.yarnpkg.com/tweetnacl/-/tweetnacl-1.0.1.tgz#2594d42da73cd036bd0d2a54683dd35a6b55ca17"
  integrity sha512-kcoMoKTPYnoeS50tzoqjPY3Uv9axeuuFAZY9M/9zFnhoVvRfxz9K29IMPD7jGmt2c8SW7i3gT9WqDl2+nV7p4A==

typescript@3.3.3333:
  version "3.3.3333"
  resolved "https://registry.yarnpkg.com/typescript/-/typescript-3.3.3333.tgz#171b2c5af66c59e9431199117a3bcadc66fdcfd6"
  integrity sha512-JjSKsAfuHBE/fB2oZ8NxtRTk5iGcg6hkYXMnZ3Wc+b2RSqejEqTaem11mHASMnFilHrax3sLK0GDzcJrekZYLw==

veza@0.3.3:
  version "0.3.3"
  resolved "https://registry.yarnpkg.com/veza/-/veza-0.3.3.tgz#544ec43584c6d1a5ccfbcb508374f15fb68290d3"
  integrity sha512-uCjeVMfuv3C3LP+IxvMX/wZZU40u+CqHuYj2TTrGk79UGa8ZZe6efUKKl6gPE2Gn4Bk7Z3oEZv/ViLcJ3dpHFg==

ws@6.1.3:
  version "6.1.3"
  resolved "https://registry.yarnpkg.com/ws/-/ws-6.1.3.tgz#d2d2e5f0e3c700ef2de89080ebc0ac6e1bf3a72d"
  integrity sha512-tbSxiT+qJI223AP4iLfQbkbxkwdFcneYinM2+x46Gx2wgvbaOMO36czfdfVUBRTHvzAMRhDd98sA5d/BuWbQdg==
  dependencies:
    async-limiter "~1.0.0"

wumpfetch@0.0.8:
  version "0.0.8"
  resolved "https://registry.yarnpkg.com/wumpfetch/-/wumpfetch-0.0.8.tgz#4a3f86a7d966846f4ef68ffe98027b05e36cef56"
  integrity sha512-RXwB+JwUTMYWHaKQ0n32CoCLwJVO8jU4BTPC2qqhhgmyKawIdu+Dq/m73aUW4y1AZvM8iBcDcMBELmVgT8bMJA==
